PODS:
  - FBSnapshotTestCase (2.1.4):
    - FBSnapshotTestCase/SwiftSupport (= 2.1.4)
  - FBSnapshotTestCase/Core (2.1.4)
  - FBSnapshotTestCase/SwiftSupport (2.1.4):
    - FBSnapshotTestCase/Core
  - HMInputBarAccessoryView (0.1.0)

DEPENDENCIES:
  - FBSnapshotTestCase (~> 2.1.4)
  - HMInputBarAccessoryView (from `../`)

SPEC REPOS:
  trunk:
    - FBSnapshotTestCase

EXTERNAL SOURCES:
  HMInputBarAccessoryView:
    :path: "../"

SPEC CHECKSUMS:
  FBSnapshotTestCase: 094f9f314decbabe373b87cc339bea235a63e07a
  HMInputBarAccessoryView: 3651550ca9477dafae0525d864f81a46ca175fb2

PODFILE CHECKSUM: 3f083e30e3ed1d11dc2a1477466395e24b771b1a

COCOAPODS: 1.11.3
